
Microsoft Visual Studio Solution File, Format Version 12.00
# Visual Studio Version 16
VisualStudioVersion = 16.0.30523.141
MinimumVisualStudioVersion = 10.0.40219.1
Project("{FAE04EC0-301F-11D3-BF4B-00C04F79EFBC}") = "LoanWolf", "LoanWolf.csproj", "{E906CFE8-7319-4B0E-9554-5F82961ABC2F}"
EndProject
Global
	GlobalSection(SolutionConfigurationPlatforms) = preSolution
		Debug|Any CPU = Debug|Any CPU
		Release|Any CPU = Release|Any CPU
	EndGlobalSection
	GlobalSection(ProjectConfigurationPlatforms) = postSolution
		{E906CFE8-7319-4B0E-9554-5F82961ABC2F}.Debug|Any CPU.ActiveCfg = Debug|Any CPU
		{E906CFE8-7319-4B0E-9554-5F82961ABC2F}.Debug|Any CPU.Build.0 = Debug|Any CPU
		{E906CFE8-7319-4B0E-9554-5F82961ABC2F}.Release|Any CPU.ActiveCfg = Release|Any CPU
		{E906CFE8-7319-4B0E-9554-5F82961ABC2F}.Release|Any CPU.Build.0 = Release|Any CPU
	EndGlobalSection
	GlobalSection(SolutionProperties) = preSolution
		HideSolutionNode = FALSE
	EndGlobalSection
	GlobalSection(ExtensibilityGlobals) = postSolution
		SolutionGuid = {4C9F1179-FF51-4505-9C66-C691544EE3E0}
	EndGlobalSection
EndGlobal
